
Microsoft Visual Studio Solution File, Format Version 12.00
# Visual Studio Version 16
VisualStudioVersion = 16.0.31624.102
MinimumVisualStudioVersion = 10.0.40219.1
Project("{8BC9CEB8-8B4A-11D0-8D11-00A0C91BC942}") = "FeatureMatching", "FeatureMatching\FeatureMatching.vcxproj", "{447D936E-A2CB-427C-8211-19CCF2FBCAAD}"
EndProject
Global
	GlobalSection(SolutionConfigurationPlatforms) = preSolution
		Debug|x64 = Debug|x64
		Release|x64 = Release|x64
	EndGlobalSection
	GlobalSection(ProjectConfigurationPlatforms) = postSolution
		{447D936E-A2CB-427C-8211-19CCF2FBCAAD}.Debug|x64.ActiveCfg = Debug|x64
		{447D936E-A2CB-427C-8211-19CCF2FBCAAD}.Debug|x64.Build.0 = Debug|x64
		{447D936E-A2CB-427C-8211-19CCF2FBCAAD}.Release|x64.ActiveCfg = Release|x64
		{447D936E-A2CB-427C-8211-19CCF2FBCAAD}.Release|x64.Build.0 = Release|x64
	EndGlobalSection
	GlobalSection(SolutionProperties) = preSolution
		HideSolutionNode = FALSE
	EndGlobalSection
	GlobalSection(ExtensibilityGlobals) = postSolution
		Qt5Version = 6.0.2_msvc2019_64
		SolutionGuid = {8D00193D-0DBB-407A-BD3F-657762DEF432}
	EndGlobalSection
EndGlobal
